
Microsoft Visual Studio Solution File, Format Version 12.00
# Visual Studio Version 17
VisualStudioVersion = 17.9.34607.119
MinimumVisualStudioVersion = 10.0.40219.1
Project("{FAE04EC0-301F-11D3-BF4B-00C04F79EFBC}") = "FurniApp", "FurniApp\FurniApp.csproj", "{EF0167EC-ADD7-4998-8F2A-00B0D741B000}"
EndProject
Project("{FAE04EC0-301F-11D3-BF4B-00C04F79EFBC}") = "EntityLayer", "EntityLayer\EntityLayer.csproj", "{C3BEE118-2512-4E99-8BC7-35F43A0DE63C}"
EndProject
Project("{FAE04EC0-301F-11D3-BF4B-00C04F79EFBC}") = "DataAccesLayer", "DataAccesLayer\DataAccesLayer.csproj", "{43CD3E3A-20D5-4596-B4F6-1951F75FF03D}"
EndProject
Project("{FAE04EC0-301F-11D3-BF4B-00C04F79EFBC}") = "BusinessLayer", "BusinessLayer\BusinessLayer.csproj", "{ECB76C9D-1F04-4489-A547-AD8F94CFC360}"
EndProject
Global
	GlobalSection(SolutionConfigurationPlatforms) = preSolution
		Debug|Any CPU = Debug|Any CPU
		Release|Any CPU = Release|Any CPU
	EndGlobalSection
	GlobalSection(ProjectConfigurationPlatforms) = postSolution
		{EF0167EC-ADD7-4998-8F2A-00B0D741B000}.Debug|Any CPU.ActiveCfg = Debug|Any CPU
		{EF0167EC-ADD7-4998-8F2A-00B0D741B000}.Debug|Any CPU.Build.0 = Debug|Any CPU
		{EF0167EC-ADD7-4998-8F2A-00B0D741B000}.Release|Any CPU.ActiveCfg = Release|Any CPU
		{EF0167EC-ADD7-4998-8F2A-00B0D741B000}.Release|Any CPU.Build.0 = Release|Any CPU
		{C3BEE118-2512-4E99-8BC7-35F43A0DE63C}.Debug|Any CPU.ActiveCfg = Debug|Any CPU
		{C3BEE118-2512-4E99-8BC7-35F43A0DE63C}.Debug|Any CPU.Build.0 = Debug|Any CPU
		{C3BEE118-2512-4E99-8BC7-35F43A0DE63C}.Release|Any CPU.ActiveCfg = Release|Any CPU
		{C3BEE118-2512-4E99-8BC7-35F43A0DE63C}.Release|Any CPU.Build.0 = Release|Any CPU
		{43CD3E3A-20D5-4596-B4F6-1951F75FF03D}.Debug|Any CPU.ActiveCfg = Debug|Any CPU
		{43CD3E3A-20D5-4596-B4F6-1951F75FF03D}.Debug|Any CPU.Build.0 = Debug|Any CPU
		{43CD3E3A-20D5-4596-B4F6-1951F75FF03D}.Release|Any CPU.ActiveCfg = Release|Any CPU
		{43CD3E3A-20D5-4596-B4F6-1951F75FF03D}.Release|Any CPU.Build.0 = Release|Any CPU
		{ECB76C9D-1F04-4489-A547-AD8F94CFC360}.Debug|Any CPU.ActiveCfg = Debug|Any CPU
		{ECB76C9D-1F04-4489-A547-AD8F94CFC360}.Debug|Any CPU.Build.0 = Debug|Any CPU
		{ECB76C9D-1F04-4489-A547-AD8F94CFC360}.Release|Any CPU.ActiveCfg = Release|Any CPU
		{ECB76C9D-1F04-4489-A547-AD8F94CFC360}.Release|Any CPU.Build.0 = Release|Any CPU
	EndGlobalSection
	GlobalSection(SolutionProperties) = preSolution
		HideSolutionNode = FALSE
	EndGlobalSection
	GlobalSection(ExtensibilityGlobals) = postSolution
		SolutionGuid = {3874ED6C-866E-45F9-AB27-3ED77832DAA5}
	EndGlobalSection
EndGlobal
